
Microsoft Visual Studio Solution File, Format Version 12.00
# Visual Studio 2013
VisualStudioVersion = 12.0.21005.1
MinimumVisualStudioVersion = 10.0.40219.1
Project("{8BC9CEB8-8B4A-11D0-8D11-00A0C91BC942}") = "Rabbit", "Rabbit\Rabbit.vcxproj", "{63ACB185-6BCB-4875-B14B-0A68C0298311}"
EndProject
Project("{8BC9CEB8-8B4A-11D0-8D11-00A0C91BC942}") = "FlvProcess", "FlvProcess\FlvProcess.vcxproj", "{3E544B5B-0594-4BA4-A22F-F128CD4427EB}"
EndProject
Project("{8BC9CEB8-8B4A-11D0-8D11-00A0C91BC942}") = "TestEncrypt", "TestEncrypt\TestEncrypt.vcxproj", "{E73F6055-EF24-4192-A3BD-4751509B9951}"
EndProject
Project("{8BC9CEB8-8B4A-11D0-8D11-00A0C91BC942}") = "TestDecrypt", "TestDecrypt\TestDecrypt.vcxproj", "{EC9E133D-C666-433E-A9A1-B08623858A3B}"
EndProject
Global
	GlobalSection(SolutionConfigurationPlatforms) = preSolution
		Debug|Win32 = Debug|Win32
		Release|Win32 = Release|Win32
	EndGlobalSection
	GlobalSection(ProjectConfigurationPlatforms) = postSolution
		{63ACB185-6BCB-4875-B14B-0A68C0298311}.Debug|Win32.ActiveCfg = Debug|Win32
		{63ACB185-6BCB-4875-B14B-0A68C0298311}.Debug|Win32.Build.0 = Debug|Win32
		{63ACB185-6BCB-4875-B14B-0A68C0298311}.Release|Win32.ActiveCfg = Release|Win32
		{63ACB185-6BCB-4875-B14B-0A68C0298311}.Release|Win32.Build.0 = Release|Win32
		{3E544B5B-0594-4BA4-A22F-F128CD4427EB}.Debug|Win32.ActiveCfg = Debug|Win32
		{3E544B5B-0594-4BA4-A22F-F128CD4427EB}.Debug|Win32.Build.0 = Debug|Win32
		{3E544B5B-0594-4BA4-A22F-F128CD4427EB}.Release|Win32.ActiveCfg = Release|Win32
		{3E544B5B-0594-4BA4-A22F-F128CD4427EB}.Release|Win32.Build.0 = Release|Win32
		{E73F6055-EF24-4192-A3BD-4751509B9951}.Debug|Win32.ActiveCfg = Debug|Win32
		{E73F6055-EF24-4192-A3BD-4751509B9951}.Debug|Win32.Build.0 = Debug|Win32
		{E73F6055-EF24-4192-A3BD-4751509B9951}.Release|Win32.ActiveCfg = Release|Win32
		{E73F6055-EF24-4192-A3BD-4751509B9951}.Release|Win32.Build.0 = Release|Win32
		{EC9E133D-C666-433E-A9A1-B08623858A3B}.Debug|Win32.ActiveCfg = Debug|Win32
		{EC9E133D-C666-433E-A9A1-B08623858A3B}.Debug|Win32.Build.0 = Debug|Win32
		{EC9E133D-C666-433E-A9A1-B08623858A3B}.Release|Win32.ActiveCfg = Release|Win32
		{EC9E133D-C666-433E-A9A1-B08623858A3B}.Release|Win32.Build.0 = Release|Win32
	EndGlobalSection
	GlobalSection(SolutionProperties) = preSolution
		HideSolutionNode = FALSE
	EndGlobalSection
EndGlobal
